github.com/AdguardTeam/golibs v0.17.2 h1:vg6wHMjUKscnyPGRvxS5kAt7Uw4YxcJiITZliZ476W8=
github.com/AdguardTeam/golibs v0.17.2/go.mod h1:DKhCIXHcUYtBhU8ibTLKh1paUL96n5zhQBlx763sj+U=
github.com/AdguardTeam/urlfilter v0.17.3 h1:fg/ObbnO0Cv6aw0tW6N/ETDMhhNvmcUUOZ7HlmKC3rw=
github.com/AdguardTeam/urlfilter v0.17.3/go.mod h1:Jru7jFfeH2CoDf150uDs+rRYcZBzHHBz05r9REyDKyE=
github.com/miekg/dns v1.1.55 h1:GoQ4hpsj0nFLYe+bWiCToyrBEJXkQfOOIvFGFy0lEgo=
github.com/miekg/dns v1.1.55/go.mod h1:uInx36IzPl7FYnDcMeVWxj9byh7DutNykX4G9Sj60FY=
github.com/samber/lo v1.39.0 h1:4gTz1wUhNYLhFSKl6O+8peW0v2F4BCY034GRpU9WnuA=
github.com/samber/lo v1.39.0/go.mod h1:+m/ZKRl6ClXCE2Lgf3MsQlWfh4bn1bz6CXEOxnEXnEA=
golang.org/x/exp v0.0.0-20230817173708-d852ddb80c63 h1:m64FZMko/V45gv0bNmrNYoDEq8U5YUhetc9cBWKS1TQ=
golang.org/x/exp v0.0.0-20230817173708-d852ddb80c63/go.mod h1:0v4NqG35kSWCMzLaMeX+IQrlSnVE/bqGSyC2cz/9Le8=
golang.org/x/mod v0.12.0 h1:rmsUpXtvNzj340zd98LZ4KntptpfRHwpFOHG188oHXc=
golang.org/x/mod v0.12.0/go.mod h1:iBbtSCu2XBx23ZKBPSOrRkjjQPZFPuis4dIYUhu/chs=
golang.org/x/net v0.14.0 h1:BONx9s002vGdD9umnlX1Po8vOZmrgH34qlHcD1MfK14=
golang.org/x/net v0.14.0/go.mod h1:PpSgVXXLK0OxS0F31C1/tv6XNguvCrnXIDrFMspZIUI=
golang.org/x/sys v0.11.0 h1:eG7RXZHdqOJ1i+0lgLgCpSXAp6M3LYlAo6osgSi0xOM=
golang.org/x/sys v0.11.0/go.mod h1:oPkhp1MJrh7nUepCBck5+mAzfO9JrbApNNgaTdGDITg=
golang.org/x/tools v0.12.1-0.20230815132531-74c255bcf846 h1:Vve/L0v7CXXuxUmaMGIEK/dEeq7uiqb5qBgQrZzIE7E=
golang.org/x/tools v0.12.1-0.20230815132531-74c255bcf846/go.mod h1:Sc0INKfu04TlqNoRA1hgpFZbhYXHPr4V5DzpSBTPqQM=
